// !$*UTF8*$!
{
	archiveVersion = 1;
	classes = {
	};
	objectVersion = 56;
	objects = {

/* Begin PBXBuildFile section */
		4A35447A2C88CE2500D1390A /* xeddyApp.swift in Sources */ = {isa = PBXBuildFile; fileRef = 4A3544792C88CE2500D1390A /* xeddyApp.swift */; };
		4A35447C2C88CE2500D1390A /* ContentView.swift in Sources */ = {isa = PBXBuildFile; fileRef = 4A35447B2C88CE2500D1390A /* ContentView.swift */; };
		4A35447E2C88CE2600D1390A /* Assets.xcassets in Resources */ = {isa = PBXBuildFile; fileRef = 4A35447D2C88CE2600D1390A /* Assets.xcassets */; };
		4A3544822C88CE2600D1390A /* Preview Assets.xcassets in Resources */ = {isa = PBXBuildFile; fileRef = 4A3544812C88CE2600D1390A /* Preview Assets.xcassets */; };
		4A35448C2C88CE2600D1390A /* xeddyTests.swift in Sources */ = {isa = PBXBuildFile; fileRef = 4A35448B2C88CE2600D1390A /* xeddyTests.swift */; };
		4A3544962C88CE2700D1390A /* xeddyUITests.swift in Sources */ = {isa = PBXBuildFile; fileRef = 4A3544952C88CE2700D1390A /* xeddyUITests.swift */; };
		4A3544982C88CE2700D1390A /* xeddyUITestsLaunchTests.swift in Sources */ = {isa = PBXBuildFile; fileRef = 4A3544972C88CE2700D1390A /* xeddyUITestsLaunchTests.swift */; };
		4ABB72062C90A2BB00F4D0BE /* HomeScreen.swift in Sources */ = {isa = PBXBuildFile; fileRef = 4ABB72052C90A2BB00F4D0BE /* HomeScreen.swift */; };
		4ABB72082C90A2F800F4D0BE /* RestaurantDetailsScreen.swift in Sources */ = {isa = PBXBuildFile; fileRef = 4ABB72072C90A2F800F4D0BE /* RestaurantDetailsScreen.swift */; };
		4ABB720A2C90A45A00F4D0BE /* PointsOverviewScreen.swift in Sources */ = {isa = PBXBuildFile; fileRef = 4ABB72092C90A45A00F4D0BE /* PointsOverviewScreen.swift */; };
		4ABB720C2C90A4D400F4D0BE /* Extensions.swift in Sources */ = {isa = PBXBuildFile; fileRef = 4ABB720B2C90A4D400F4D0BE /* Extensions.swift */; };
		4ABB720E2C91216C00F4D0BE /* MenuView.swift in Sources */ = {isa = PBXBuildFile; fileRef = 4ABB720D2C91216C00F4D0BE /* MenuView.swift */; };
		4ABB72102C9122A600F4D0BE /* RestaurantCard.swift in Sources */ = {isa = PBXBuildFile; fileRef = 4ABB720F2C9122A600F4D0BE /* RestaurantCard.swift */; };
		4ABB72122C91235200F4D0BE /* Restaurant.swift in Sources */ = {isa = PBXBuildFile; fileRef = 4ABB72112C91235200F4D0BE /* Restaurant.swift */; };
		4ABB72142C91272700F4D0BE /* sushi.jpg in Resources */ = {isa = PBXBuildFile; fileRef = 4ABB72132C91272700F4D0BE /* sushi.jpg */; };
		4ABB72172C91273800F4D0BE /* burger.jpeg in Resources */ = {isa = PBXBuildFile; fileRef = 4ABB72152C91273800F4D0BE /* burger.jpeg */; };
		4ABB72182C91273800F4D0BE /* pizza.jpeg in Resources */ = {isa = PBXBuildFile; fileRef = 4ABB72162C91273800F4D0BE /* pizza.jpeg */; };
		4ADE6CBA2CA1F913004D7E49 /* GoogleService-Info.plist in Resources */ = {isa = PBXBuildFile; fileRef = 4ADE6CB92CA1F913004D7E49 /* GoogleService-Info.plist */; };
		4ADE6CBD2CA1FACF004D7E49 /* FirebaseAnalytics in Frameworks */ = {isa = PBXBuildFile; productRef = 4ADE6CBC2CA1FACF004D7E49 /* FirebaseAnalytics */; };
		4ADE6CBF2CA1FC16004D7E49 /* FirebaseAuth in Frameworks */ = {isa = PBXBuildFile; productRef = 4ADE6CBE2CA1FC16004D7E49 /* FirebaseAuth */; };
		4ADE6CC12CA1FC16004D7E49 /* FirebaseDatabase in Frameworks */ = {isa = PBXBuildFile; productRef = 4ADE6CC02CA1FC16004D7E49 /* FirebaseDatabase */; };
		4ADE6CC32CA1FC16004D7E49 /* FirebaseFirestore in Frameworks */ = {isa = PBXBuildFile; productRef = 4ADE6CC22CA1FC16004D7E49 /* FirebaseFirestore */; };
/* End PBXBuildFile section */

/* Begin PBXContainerItemProxy section */
		4A3544882C88CE2600D1390A /* PBXContainerItemProxy */ = {
			isa = PBXContainerItemProxy;
			containerPortal = 4A35446E2C88CE2500D1390A /* Project object */;
			proxyType = 1;
			remoteGlobalIDString = 4A3544752C88CE2500D1390A;
			remoteInfo = xeddy;
		};
		4A3544922C88CE2700D1390A /* PBXContainerItemProxy */ = {
			isa = PBXContainerItemProxy;
			containerPortal = 4A35446E2C88CE2500D1390A /* Project object */;
			proxyType = 1;
			remoteGlobalIDString = 4A3544752C88CE2500D1390A;
			remoteInfo = xeddy;
		};
/* End PBXContainerItemProxy section */

/* Begin PBXFileReference section */
		4A3544762C88CE2500D1390A /* xeddy-ios.app */ = {isa = PBXFileReference; explicitFileType = wrapper.application; includeInIndex = 0; path = "xeddy-ios.app"; sourceTree = BUILT_PRODUCTS_DIR; };
		4A3544792C88CE2500D1390A /* xeddyApp.swift */ = {isa = PBXFileReference; lastKnownFileType = sourcecode.swift; path = xeddyApp.swift; sourceTree = "<group>"; };
		4A35447B2C88CE2500D1390A /* ContentView.swift */ = {isa = PBXFileReference; lastKnownFileType = sourcecode.swift; path = ContentView.swift; sourceTree = "<group>"; };
		4A35447D2C88CE2600D1390A /* Assets.xcassets */ = {isa = PBXFileReference; lastKnownFileType = folder.assetcatalog; path = Assets.xcassets; sourceTree = "<group>"; };
		4A35447F2C88CE2600D1390A /* xeddy.entitlements */ = {isa = PBXFileReference; lastKnownFileType = text.plist.entitlements; path = xeddy.entitlements; sourceTree = "<group>"; };
		4A3544812C88CE2600D1390A /* Preview Assets.xcassets */ = {isa = PBXFileReference; lastKnownFileType = folder.assetcatalog; path = "Preview Assets.xcassets"; sourceTree = "<group>"; };
		4A3544872C88CE2600D1390A /* xeddy-iosTests.xctest */ = {isa = PBXFileReference; explicitFileType = wrapper.cfbundle; includeInIndex = 0; path = "xeddy-iosTests.xctest"; sourceTree = BUILT_PRODUCTS_DIR; };
		4A35448B2C88CE2600D1390A /* xeddyTests.swift */ = {isa = PBXFileReference; lastKnownFileType = sourcecode.swift; path = xeddyTests.swift; sourceTree = "<group>"; };
		4A3544912C88CE2700D1390A /* xeddy-iosUITests.xctest */ = {isa = PBXFileReference; explicitFileType = wrapper.cfbundle; includeInIndex = 0; path = "xeddy-iosUITests.xctest"; sourceTree = BUILT_PRODUCTS_DIR; };
		4A3544952C88CE2700D1390A /* xeddyUITests.swift */ = {isa = PBXFileReference; lastKnownFileType = sourcecode.swift; path = xeddyUITests.swift; sourceTree = "<group>"; };
		4A3544972C88CE2700D1390A /* xeddyUITestsLaunchTests.swift */ = {isa = PBXFileReference; lastKnownFileType = sourcecode.swift; path = xeddyUITestsLaunchTests.swift; sourceTree = "<group>"; };
		4ABB72052C90A2BB00F4D0BE /* HomeScreen.swift */ = {isa = PBXFileReference; lastKnownFileType = sourcecode.swift; path = HomeScreen.swift; sourceTree = "<group>"; };
		4ABB72072C90A2F800F4D0BE /* RestaurantDetailsScreen.swift */ = {isa = PBXFileReference; lastKnownFileType = sourcecode.swift; path = RestaurantDetailsScreen.swift; sourceTree = "<group>"; };
		4ABB72092C90A45A00F4D0BE /* PointsOverviewScreen.swift */ = {isa = PBXFileReference; lastKnownFileType = sourcecode.swift; path = PointsOverviewScreen.swift; sourceTree = "<group>"; };
		4ABB720B2C90A4D400F4D0BE /* Extensions.swift */ = {isa = PBXFileReference; lastKnownFileType = sourcecode.swift; path = Extensions.swift; sourceTree = "<group>"; };
		4ABB720D2C91216C00F4D0BE /* MenuView.swift */ = {isa = PBXFileReference; lastKnownFileType = sourcecode.swift; path = MenuView.swift; sourceTree = "<group>"; };
		4ABB720F2C9122A600F4D0BE /* RestaurantCard.swift */ = {isa = PBXFileReference; lastKnownFileType = sourcecode.swift; path = RestaurantCard.swift; sourceTree = "<group>"; };
		4ABB72112C91235200F4D0BE /* Restaurant.swift */ = {isa = PBXFileReference; lastKnownFileType = sourcecode.swift; path = Restaurant.swift; sourceTree = "<group>"; };
		4ABB72132C91272700F4D0BE /* sushi.jpg */ = {isa = PBXFileReference; lastKnownFileType = image.jpeg; path = sushi.jpg; sourceTree = "<group>"; };
		4ABB72152C91273800F4D0BE /* burger.jpeg */ = {isa = PBXFileReference; lastKnownFileType = image.jpeg; path = burger.jpeg; sourceTree = "<group>"; };
		4ABB72162C91273800F4D0BE /* pizza.jpeg */ = {isa = PBXFileReference; lastKnownFileType = image.jpeg; path = pizza.jpeg; sourceTree = "<group>"; };
		4ADE6CB92CA1F913004D7E49 /* GoogleService-Info.plist */ = {isa = PBXFileReference; fileEncoding = 4; lastKnownFileType = text.plist.xml; path = "GoogleService-Info.plist"; sourceTree = "<group>"; };
/* End PBXFileReference section */

/* Begin PBXFrameworksBuildPhase section */
		4A3544732C88CE2500D1390A /* Frameworks */ = {
			isa = PBXFrameworksBuildPhase;
			buildActionMask = 2147483647;
			files = (
				4ADE6CC12CA1FC16004D7E49 /* FirebaseDatabase in Frameworks */,
				4ADE6CC32CA1FC16004D7E49 /* FirebaseFirestore in Frameworks */,
				4ADE6CBD2CA1FACF004D7E49 /* FirebaseAnalytics in Frameworks */,
				4ADE6CBF2CA1FC16004D7E49 /* FirebaseAuth in Frameworks */,
			);
			runOnlyForDeploymentPostprocessing = 0;
		};
		4A3544842C88CE2600D1390A /* Frameworks */ = {
			isa = PBXFrameworksBuildPhase;
			buildActionMask = 2147483647;
			files = (
			);
			runOnlyForDeploymentPostprocessing = 0;
		};
		4A35448E2C88CE2700D1390A /* Frameworks */ = {
			isa = PBXFrameworksBuildPhase;
			buildActionMask = 2147483647;
			files = (
			);
			runOnlyForDeploymentPostprocessing = 0;
		};
/* End PBXFrameworksBuildPhase section */

/* Begin PBXGroup section */
		4A35446D2C88CE2500D1390A = {
			isa = PBXGroup;
			children = (
				4A3544782C88CE2500D1390A /* xeddy */,
				4A35448A2C88CE2600D1390A /* xeddyTests */,
				4A3544942C88CE2700D1390A /* xeddyUITests */,
				4A3544772C88CE2500D1390A /* Products */,
			);
			sourceTree = "<group>";
		};
		4A3544772C88CE2500D1390A /* Products */ = {
			isa = PBXGroup;
			children = (
				4A3544762C88CE2500D1390A /* xeddy-ios.app */,
				4A3544872C88CE2600D1390A /* xeddy-iosTests.xctest */,
				4A3544912C88CE2700D1390A /* xeddy-iosUITests.xctest */,
			);
			name = Products;
			sourceTree = "<group>";
		};
		4A3544782C88CE2500D1390A /* xeddy */ = {
			isa = PBXGroup;
			children = (
				4ADE6CB92CA1F913004D7E49 /* GoogleService-Info.plist */,
				4A3544792C88CE2500D1390A /* xeddyApp.swift */,
				4ABB72032C90A0A600F4D0BE /* Components */,
				4ABB72022C90A0A600F4D0BE /* Models */,
				4ABB72012C90A0A600F4D0BE /* Views */,
				4A35447B2C88CE2500D1390A /* ContentView.swift */,
				4A35447D2C88CE2600D1390A /* Assets.xcassets */,
				4ABB72132C91272700F4D0BE /* sushi.jpg */,
				4ABB72152C91273800F4D0BE /* burger.jpeg */,
				4ABB72162C91273800F4D0BE /* pizza.jpeg */,
				4A35447F2C88CE2600D1390A /* xeddy.entitlements */,
				4A3544802C88CE2600D1390A /* Preview Content */,
				4ABB720B2C90A4D400F4D0BE /* Extensions.swift */,
			);
			path = xeddy;
			sourceTree = "<group>";
		};
		4A3544802C88CE2600D1390A /* Preview Content */ = {
			isa = PBXGroup;
			children = (
				4A3544812C88CE2600D1390A /* Preview Assets.xcassets */,
			);
			path = "Preview Content";
			sourceTree = "<group>";
		};
		4A35448A2C88CE2600D1390A /* xeddyTests */ = {
			isa = PBXGroup;
			children = (
				4A35448B2C88CE2600D1390A /* xeddyTests.swift */,
			);
			path = xeddyTests;
			sourceTree = "<group>";
		};
		4A3544942C88CE2700D1390A /* xeddyUITests */ = {
			isa = PBXGroup;
			children = (
				4A3544952C88CE2700D1390A /* xeddyUITests.swift */,
				4A3544972C88CE2700D1390A /* xeddyUITestsLaunchTests.swift */,
			);
			path = xeddyUITests;
			sourceTree = "<group>";
		};
		4ABB72012C90A0A600F4D0BE /* Views */ = {
			isa = PBXGroup;
			children = (
				4ABB72052C90A2BB00F4D0BE /* HomeScreen.swift */,
				4ABB72072C90A2F800F4D0BE /* RestaurantDetailsScreen.swift */,
				4ABB72092C90A45A00F4D0BE /* PointsOverviewScreen.swift */,
				4ABB720D2C91216C00F4D0BE /* MenuView.swift */,
			);
			path = Views;
			sourceTree = "<group>";
		};
		4ABB72022C90A0A600F4D0BE /* Models */ = {
			isa = PBXGroup;
			children = (
				4ABB72112C91235200F4D0BE /* Restaurant.swift */,
			);
			path = Models;
			sourceTree = "<group>";
		};
		4ABB72032C90A0A600F4D0BE /* Components */ = {
			isa = PBXGroup;
			children = (
				4ABB720F2C9122A600F4D0BE /* RestaurantCard.swift */,
			);
			path = Components;
			sourceTree = "<group>";
		};
/* End PBXGroup section */

/* Begin PBXNativeTarget section */
		4A3544752C88CE2500D1390A /* xeddy-ios */ = {
			isa = PBXNativeTarget;
			buildConfigurationList = 4A35449B2C88CE2700D1390A /* Build configuration list for PBXNativeTarget "xeddy-ios" */;
			buildPhases = (
				4A3544722C88CE2500D1390A /* Sources */,
				4A3544732C88CE2500D1390A /* Frameworks */,
				4A3544742C88CE2500D1390A /* Resources */,
			);
			buildRules = (
			);
			dependencies = (
			);
			name = "xeddy-ios";
			packageProductDependencies = (
				4ADE6CBC2CA1FACF004D7E49 /* FirebaseAnalytics */,
				4ADE6CBE2CA1FC16004D7E49 /* FirebaseAuth */,
				4ADE6CC02CA1FC16004D7E49 /* FirebaseDatabase */,
				4ADE6CC22CA1FC16004D7E49 /* FirebaseFirestore */,
			);
			productName = xeddy;
			productReference = 4A3544762C88CE2500D1390A /* xeddy-ios.app */;
			productType = "com.apple.product-type.application";
		};
		4A3544862C88CE2600D1390A /* xeddy-iosTests */ = {
			isa = PBXNativeTarget;
			buildConfigurationList = 4A35449E2C88CE2700D1390A /* Build configuration list for PBXNativeTarget "xeddy-iosTests" */;
			buildPhases = (
				4A3544832C88CE2600D1390A /* Sources */,
				4A3544842C88CE2600D1390A /* Frameworks */,
				4A3544852C88CE2600D1390A /* Resources */,
			);
			buildRules = (
			);
			dependencies = (
				4A3544892C88CE2600D1390A /* PBXTargetDependency */,
			);
			name = "xeddy-iosTests";
			productName = xeddyTests;
			productReference = 4A3544872C88CE2600D1390A /* xeddy-iosTests.xctest */;
			productType = "com.apple.product-type.bundle.unit-test";
		};
		4A3544902C88CE2700D1390A /* xeddy-iosUITests */ = {
			isa = PBXNativeTarget;
			buildConfigurationList = 4A3544A12C88CE2700D1390A /* Build configuration list for PBXNativeTarget "xeddy-iosUITests" */;
			buildPhases = (
				4A35448D2C88CE2700D1390A /* Sources */,
				4A35448E2C88CE2700D1390A /* Frameworks */,
				4A35448F2C88CE2700D1390A /* Resources */,
			);
			buildRules = (
			);
			dependencies = (
				4A3544932C88CE2700D1390A /* PBXTargetDependency */,
			);
			name = "xeddy-iosUITests";
			productName = xeddyUITests;
			productReference = 4A3544912C88CE2700D1390A /* xeddy-iosUITests.xctest */;
			productType = "com.apple.product-type.bundle.ui-testing";
		};
/* End PBXNativeTarget section */

/* Begin PBXProject section */
		4A35446E2C88CE2500D1390A /* Project object */ = {
			isa = PBXProject;
			attributes = {
				BuildIndependentTargetsInParallel = 1;
				LastSwiftUpdateCheck = 1540;
				LastUpgradeCheck = 1540;
				TargetAttributes = {
					4A3544752C88CE2500D1390A = {
						CreatedOnToolsVersion = 15.4;
					};
					4A3544862C88CE2600D1390A = {
						CreatedOnToolsVersion = 15.4;
						TestTargetID = 4A3544752C88CE2500D1390A;
					};
					4A3544902C88CE2700D1390A = {
						CreatedOnToolsVersion = 15.4;
						TestTargetID = 4A3544752C88CE2500D1390A;
					};
				};
			};
			buildConfigurationList = 4A3544712C88CE2500D1390A /* Build configuration list for PBXProject "xeddy-ios" */;
			compatibilityVersion = "Xcode 14.0";
			developmentRegion = en;
			hasScannedForEncodings = 0;
			knownRegions = (
				en,
				Base,
			);
			mainGroup = 4A35446D2C88CE2500D1390A;
			packageReferences = (
				4ADE6CBB2CA1FACF004D7E49 /* XCRemoteSwiftPackageReference "firebase-ios-sdk" */,
			);
			productRefGroup = 4A3544772C88CE2500D1390A /* Products */;
			projectDirPath = "";
			projectRoot = "";
			targets = (
				4A3544752C88CE2500D1390A /* xeddy-ios */,
				4A3544862C88CE2600D1390A /* xeddy-iosTests */,
				4A3544902C88CE2700D1390A /* xeddy-iosUITests */,
			);
		};
/* End PBXProject section */

/* Begin PBXResourcesBuildPhase section */
		4A3544742C88CE2500D1390A /* Resources */ = {
			isa = PBXResourcesBuildPhase;
			buildActionMask = 2147483647;
			files = (
				4A3544822C88CE2600D1390A /* Preview Assets.xcassets in Resources */,
				4ABB72142C91272700F4D0BE /* sushi.jpg in Resources */,
				4ABB72172C91273800F4D0BE /* burger.jpeg in Resources */,
				4ABB72182C91273800F4D0BE /* pizza.jpeg in Resources */,
				4A35447E2C88CE2600D1390A /* Assets.xcassets in Resources */,
				4ADE6CBA2CA1F913004D7E49 /* GoogleService-Info.plist in Resources */,
			);
			runOnlyForDeploymentPostprocessing = 0;
		};
		4A3544852C88CE2600D1390A /* Resources */ = {
			isa = PBXResourcesBuildPhase;
			buildActionMask = 2147483647;
			files = (
			);
			runOnlyForDeploymentPostprocessing = 0;
		};
		4A35448F2C88CE2700D1390A /* Resources */ = {
			isa = PBXResourcesBuildPhase;
			buildActionMask = 2147483647;
			files = (
			);
			runOnlyForDeploymentPostprocessing = 0;
		};
/* End PBXResourcesBuildPhase section */

/* Begin PBXSourcesBuildPhase section */
		4A3544722C88CE2500D1390A /* Sources */ = {
			isa = PBXSourcesBuildPhase;
			buildActionMask = 2147483647;
			files = (
				4ABB720E2C91216C00F4D0BE /* MenuView.swift in Sources */,
				4A35447C2C88CE2500D1390A /* ContentView.swift in Sources */,
				4ABB72102C9122A600F4D0BE /* RestaurantCard.swift in Sources */,
				4ABB720C2C90A4D400F4D0BE /* Extensions.swift in Sources */,
				4A35447A2C88CE2500D1390A /* xeddyApp.swift in Sources */,
				4ABB72062C90A2BB00F4D0BE /* HomeScreen.swift in Sources */,
				4ABB720A2C90A45A00F4D0BE /* PointsOverviewScreen.swift in Sources */,
				4ABB72082C90A2F800F4D0BE /* RestaurantDetailsScreen.swift in Sources */,
				4ABB72122C91235200F4D0BE /* Restaurant.swift in Sources */,
			);
			runOnlyForDeploymentPostprocessing = 0;
		};
		4A3544832C88CE2600D1390A /* Sources */ = {
			isa = PBXSourcesBuildPhase;
			buildActionMask = 2147483647;
			files = (
				4A35448C2C88CE2600D1390A /* xeddyTests.swift in Sources */,
			);
			runOnlyForDeploymentPostprocessing = 0;
		};
		4A35448D2C88CE2700D1390A /* Sources */ = {
			isa = PBXSourcesBuildPhase;
			buildActionMask = 2147483647;
			files = (
				4A3544962C88CE2700D1390A /* xeddyUITests.swift in Sources */,
				4A3544982C88CE2700D1390A /* xeddyUITestsLaunchTests.swift in Sources */,
			);
			runOnlyForDeploymentPostprocessing = 0;
		};
/* End PBXSourcesBuildPhase section */

/* Begin PBXTargetDependency section */
		4A3544892C88CE2600D1390A /* PBXTargetDependency */ = {
			isa = PBXTargetDependency;
			target = 4A3544752C88CE2500D1390A /* xeddy-ios */;
			targetProxy = 4A3544882C88CE2600D1390A /* PBXContainerItemProxy */;
		};
		4A3544932C88CE2700D1390A /* PBXTargetDependency */ = {
			isa = PBXTargetDependency;
			target = 4A3544752C88CE2500D1390A /* xeddy-ios */;
			targetProxy = 4A3544922C88CE2700D1390A /* PBXContainerItemProxy */;
		};
/* End PBXTargetDependency section */

/* Begin XCBuildConfiguration section */
		4A3544992C88CE2700D1390A /* Debug */ = {
			isa = XCBuildConfiguration;
			buildSettings = {
				ALWAYS_SEARCH_USER_PATHS = NO;
				ASSETCATALOG_COMPILER_GENERATE_SWIFT_ASSET_SYMBOL_EXTENSIONS = YES;
				CLANG_ANALYZER_NONNULL = YES;
				CLANG_ANALYZER_NUMBER_OBJECT_CONVERSION = YES_AGGRESSIVE;
				CLANG_CXX_LANGUAGE_STANDARD = "gnu++20";
				CLANG_ENABLE_MODULES = YES;
				CLANG_ENABLE_OBJC_ARC = YES;
				CLANG_ENABLE_OBJC_WEAK = YES;
				CLANG_WARN_BLOCK_CAPTURE_AUTORELEASING = YES;
				CLANG_WARN_BOOL_CONVERSION = YES;
				CLANG_WARN_COMMA = YES;
				CLANG_WARN_CONSTANT_CONVERSION = YES;
				CLANG_WARN_DEPRECATED_OBJC_IMPLEMENTATIONS = YES;
				CLANG_WARN_DIRECT_OBJC_ISA_USAGE = YES_ERROR;
				CLANG_WARN_DOCUMENTATION_COMMENTS = YES;
				CLANG_WARN_EMPTY_BODY = YES;
				CLANG_WARN_ENUM_CONVERSION = YES;
				CLANG_WARN_INFINITE_RECURSION = YES;
				CLANG_WARN_INT_CONVERSION = YES;
				CLANG_WARN_NON_LITERAL_NULL_CONVERSION = YES;
				CLANG_WARN_OBJC_IMPLICIT_RETAIN_SELF = YES;
				CLANG_WARN_OBJC_LITERAL_CONVERSION = YES;
				CLANG_WARN_OBJC_ROOT_CLASS = YES_ERROR;
				CLANG_WARN_QUOTED_INCLUDE_IN_FRAMEWORK_HEADER = YES;
				CLANG_WARN_RANGE_LOOP_ANALYSIS = YES;
				CLANG_WARN_STRICT_PROTOTYPES = YES;
				CLANG_WARN_SUSPICIOUS_MOVE = YES;
				CLANG_WARN_UNGUARDED_AVAILABILITY = YES_AGGRESSIVE;
				CLANG_WARN_UNREACHABLE_CODE = YES;
				CLANG_WARN__DUPLICATE_METHOD_MATCH = YES;
				COPY_PHASE_STRIP = NO;
				DEBUG_INFORMATION_FORMAT = dwarf;
				ENABLE_STRICT_OBJC_MSGSEND = YES;
				ENABLE_TESTABILITY = YES;
				ENABLE_USER_SCRIPT_SANDBOXING = YES;
				GCC_C_LANGUAGE_STANDARD = gnu17;
				GCC_DYNAMIC_NO_PIC = NO;
				GCC_NO_COMMON_BLOCKS = YES;
				GCC_OPTIMIZATION_LEVEL = 0;
				GCC_PREPROCESSOR_DEFINITIONS = (
					"DEBUG=1",
					"$(inherited)",
				);
				GCC_WARN_64_TO_32_BIT_CONVERSION = YES;
				GCC_WARN_ABOUT_RETURN_TYPE = YES_ERROR;
				GCC_WARN_UNDECLARED_SELECTOR = YES;
				GCC_WARN_UNINITIALIZED_AUTOS = YES_AGGRESSIVE;
				GCC_WARN_UNUSED_FUNCTION = YES;
				GCC_WARN_UNUSED_VARIABLE = YES;
				LOCALIZATION_PREFERS_STRING_CATALOGS = YES;
				MTL_ENABLE_DEBUG_INFO = INCLUDE_SOURCE;
				MTL_FAST_MATH = YES;
				ONLY_ACTIVE_ARCH = YES;
				SWIFT_ACTIVE_COMPILATION_CONDITIONS = "DEBUG $(inherited)";
				SWIFT_OPTIMIZATION_LEVEL = "-Onone";
			};
			name = Debug;
		};
		4A35449A2C88CE2700D1390A /* Release */ = {
			isa = XCBuildConfiguration;
			buildSettings = {
				ALWAYS_SEARCH_USER_PATHS = NO;
				ASSETCATALOG_COMPILER_GENERATE_SWIFT_ASSET_SYMBOL_EXTENSIONS = YES;
				CLANG_ANALYZER_NONNULL = YES;
				CLANG_ANALYZER_NUMBER_OBJECT_CONVERSION = YES_AGGRESSIVE;
				CLANG_CXX_LANGUAGE_STANDARD = "gnu++20";
				CLANG_ENABLE_MODULES = YES;
				CLANG_ENABLE_OBJC_ARC = YES;
				CLANG_ENABLE_OBJC_WEAK = YES;
				CLANG_WARN_BLOCK_CAPTURE_AUTORELEASING = YES;
				CLANG_WARN_BOOL_CONVERSION = YES;
				CLANG_WARN_COMMA = YES;
				CLANG_WARN_CONSTANT_CONVERSION = YES;
				CLANG_WARN_DEPRECATED_OBJC_IMPLEMENTATIONS = YES;
				CLANG_WARN_DIRECT_OBJC_ISA_USAGE = YES_ERROR;
				CLANG_WARN_DOCUMENTATION_COMMENTS = YES;
				CLANG_WARN_EMPTY_BODY = YES;
				CLANG_WARN_ENUM_CONVERSION = YES;
				CLANG_WARN_INFINITE_RECURSION = YES;
				CLANG_WARN_INT_CONVERSION = YES;
				CLANG_WARN_NON_LITERAL_NULL_CONVERSION = YES;
				CLANG_WARN_OBJC_IMPLICIT_RETAIN_SELF = YES;
				CLANG_WARN_OBJC_LITERAL_CONVERSION = YES;
				CLANG_WARN_OBJC_ROOT_CLASS = YES_ERROR;
				CLANG_WARN_QUOTED_INCLUDE_IN_FRAMEWORK_HEADER = YES;
				CLANG_WARN_RANGE_LOOP_ANALYSIS = YES;
				CLANG_WARN_STRICT_PROTOTYPES = YES;
				CLANG_WARN_SUSPICIOUS_MOVE = YES;
				CLANG_WARN_UNGUARDED_AVAILABILITY = YES_AGGRESSIVE;
				CLANG_WARN_UNREACHABLE_CODE = YES;
				CLANG_WARN__DUPLICATE_METHOD_MATCH = YES;
				COPY_PHASE_STRIP = NO;
				DEBUG_INFORMATION_FORMAT = "dwarf-with-dsym";
				ENABLE_NS_ASSERTIONS = NO;
				ENABLE_STRICT_OBJC_MSGSEND = YES;
				ENABLE_USER_SCRIPT_SANDBOXING = YES;
				GCC_C_LANGUAGE_STANDARD = gnu17;
				GCC_NO_COMMON_BLOCKS = YES;
				GCC_WARN_64_TO_32_BIT_CONVERSION = YES;
				GCC_WARN_ABOUT_RETURN_TYPE = YES_ERROR;
				GCC_WARN_UNDECLARED_SELECTOR = YES;
				GCC_WARN_UNINITIALIZED_AUTOS = YES_AGGRESSIVE;
				GCC_WARN_UNUSED_FUNCTION = YES;
				GCC_WARN_UNUSED_VARIABLE = YES;
				LOCALIZATION_PREFERS_STRING_CATALOGS = YES;
				MTL_ENABLE_DEBUG_INFO = NO;
				MTL_FAST_MATH = YES;
				SWIFT_COMPILATION_MODE = wholemodule;
			};
			name = Release;
		};
		4A35449C2C88CE2700D1390A /* Debug */ = {
			isa = XCBuildConfiguration;
			buildSettings = {
				ASSETCATALOG_COMPILER_APPICON_NAME = AppIcon;
				ASSETCATALOG_COMPILER_GLOBAL_ACCENT_COLOR_NAME = AccentColor;
				CODE_SIGN_ENTITLEMENTS = xeddy/xeddy.entitlements;
				CODE_SIGN_STYLE = Automatic;
				CURRENT_PROJECT_VERSION = 1;
				DEVELOPMENT_ASSET_PATHS = "\"xeddy/Preview Content\"";
				DEVELOPMENT_TEAM = UX5CVWDKH3;
				ENABLE_HARDENED_RUNTIME = YES;
				ENABLE_PREVIEWS = YES;
				GENERATE_INFOPLIST_FILE = YES;
				INFOPLIST_KEY_LSApplicationCategoryType = "public.app-category.food-and-drink";
				"INFOPLIST_KEY_UIApplicationSceneManifest_Generation[sdk=iphoneos*]" = YES;
				"INFOPLIST_KEY_UIApplicationSceneManifest_Generation[sdk=iphonesimulator*]" = YES;
				"INFOPLIST_KEY_UIApplicationSupportsIndirectInputEvents[sdk=iphoneos*]" = YES;
				"INFOPLIST_KEY_UIApplicationSupportsIndirectInputEvents[sdk=iphonesimulator*]" = YES;
				"INFOPLIST_KEY_UILaunchScreen_Generation[sdk=iphoneos*]" = YES;
				"INFOPLIST_KEY_UILaunchScreen_Generation[sdk=iphonesimulator*]" = YES;
				"INFOPLIST_KEY_UIStatusBarStyle[sdk=iphoneos*]" = UIStatusBarStyleDefault;
				"INFOPLIST_KEY_UIStatusBarStyle[sdk=iphonesimulator*]" = UIStatusBarStyleDefault;
				INFOPLIST_KEY_UISupportedInterfaceOrientations_iPad = "UIInterfaceOrientationPortrait UIInterfaceOrientationPortraitUpsideDown UIInterfaceOrientationLandscapeLeft UIInterfaceOrientationLandscapeRight";
				INFOPLIST_KEY_UISupportedInterfaceOrientations_iPhone = "UIInterfaceOrientationPortrait UIInterfaceOrientationLandscapeLeft UIInterfaceOrientationLandscapeRight";
				IPHONEOS_DEPLOYMENT_TARGET = 17.5;
				LD_RUNPATH_SEARCH_PATHS = "@executable_path/Frameworks";
				"LD_RUNPATH_SEARCH_PATHS[sdk=macosx*]" = "@executable_path/../Frameworks";
				MACOSX_DEPLOYMENT_TARGET = 14.3;
				MARKETING_VERSION = 1.0;
				PRODUCT_BUNDLE_IDENTIFIER = com.davidled.xeddy;
				PRODUCT_NAME = "$(TARGET_NAME)";
				SDKROOT = auto;
				SUPPORTED_PLATFORMS = "iphoneos iphonesimulator macosx";
				SWIFT_EMIT_LOC_STRINGS = YES;
				SWIFT_VERSION = 5.0;
				TARGETED_DEVICE_FAMILY = "1,2";
			};
			name = Debug;
		};
		4A35449D2C88CE2700D1390A /* Release */ = {
			isa = XCBuildConfiguration;
			buildSettings = {
				ASSETCATALOG_COMPILER_APPICON_NAME = AppIcon;
				ASSETCATALOG_COMPILER_GLOBAL_ACCENT_COLOR_NAME = AccentColor;
				CODE_SIGN_ENTITLEMENTS = xeddy/xeddy.entitlements;
				CODE_SIGN_STYLE = Automatic;
				CURRENT_PROJECT_VERSION = 1;
				DEVELOPMENT_ASSET_PATHS = "\"xeddy/Preview Content\"";
				DEVELOPMENT_TEAM = UX5CVWDKH3;
				ENABLE_HARDENED_RUNTIME = YES;
				ENABLE_PREVIEWS = YES;
				GENERATE_INFOPLIST_FILE = YES;
				INFOPLIST_KEY_LSApplicationCategoryType = "public.app-category.food-and-drink";
				"INFOPLIST_KEY_UIApplicationSceneManifest_Generation[sdk=iphoneos*]" = YES;
				"INFOPLIST_KEY_UIApplicationSceneManifest_Generation[sdk=iphonesimulator*]" = YES;
				"INFOPLIST_KEY_UIApplicationSupportsIndirectInputEvents[sdk=iphoneos*]" = YES;
				"INFOPLIST_KEY_UIApplicationSupportsIndirectInputEvents[sdk=iphonesimulator*]" = YES;
				"INFOPLIST_KEY_UILaunchScreen_Generation[sdk=iphoneos*]" = YES;
				"INFOPLIST_KEY_UILaunchScreen_Generation[sdk=iphonesimulator*]" = YES;
				"INFOPLIST_KEY_UIStatusBarStyle[sdk=iphoneos*]" = UIStatusBarStyleDefault;
				"INFOPLIST_KEY_UIStatusBarStyle[sdk=iphonesimulator*]" = UIStatusBarStyleDefault;
				INFOPLIST_KEY_UISupportedInterfaceOrientations_iPad = "UIInterfaceOrientationPortrait UIInterfaceOrientationPortraitUpsideDown UIInterfaceOrientationLandscapeLeft UIInterfaceOrientationLandscapeRight";
				INFOPLIST_KEY_UISupportedInterfaceOrientations_iPhone = "UIInterfaceOrientationPortrait UIInterfaceOrientationLandscapeLeft UIInterfaceOrientationLandscapeRight";
				IPHONEOS_DEPLOYMENT_TARGET = 17.5;
				LD_RUNPATH_SEARCH_PATHS = "@executable_path/Frameworks";
				"LD_RUNPATH_SEARCH_PATHS[sdk=macosx*]" = "@executable_path/../Frameworks";
				MACOSX_DEPLOYMENT_TARGET = 14.3;
				MARKETING_VERSION = 1.0;
				PRODUCT_BUNDLE_IDENTIFIER = com.davidled.xeddy;
				PRODUCT_NAME = "$(TARGET_NAME)";
				SDKROOT = auto;
				SUPPORTED_PLATFORMS = "iphoneos iphonesimulator macosx";
				SWIFT_EMIT_LOC_STRINGS = YES;
				SWIFT_VERSION = 5.0;
				TARGETED_DEVICE_FAMILY = "1,2";
			};
			name = Release;
		};
		4A35449F2C88CE2700D1390A /* Debug */ = {
			isa = XCBuildConfiguration;
			buildSettings = {
				ALWAYS_EMBED_SWIFT_STANDARD_LIBRARIES = YES;
				BUNDLE_LOADER = "$(TEST_HOST)";
				CODE_SIGN_STYLE = Automatic;
				CURRENT_PROJECT_VERSION = 1;
				DEVELOPMENT_TEAM = UX5CVWDKH3;
				GENERATE_INFOPLIST_FILE = YES;
				IPHONEOS_DEPLOYMENT_TARGET = 17.5;
				MACOSX_DEPLOYMENT_TARGET = 14.3;
				MARKETING_VERSION = 1.0;
				PRODUCT_BUNDLE_IDENTIFIER = com.davidled.xeddyTests;
				PRODUCT_NAME = "$(TARGET_NAME)";
				SDKROOT = auto;
				SUPPORTED_PLATFORMS = "iphoneos iphonesimulator macosx";
				SWIFT_EMIT_LOC_STRINGS = NO;
				SWIFT_VERSION = 5.0;
				TARGETED_DEVICE_FAMILY = "1,2";
				TEST_HOST = "$(BUILT_PRODUCTS_DIR)/xeddy-ios.app/$(BUNDLE_EXECUTABLE_FOLDER_PATH)/xeddy-ios";
			};
			name = Debug;
		};
		4A3544A02C88CE2700D1390A /* Release */ = {
			isa = XCBuildConfiguration;
			buildSettings = {
				ALWAYS_EMBED_SWIFT_STANDARD_LIBRARIES = YES;
				BUNDLE_LOADER = "$(TEST_HOST)";
				CODE_SIGN_STYLE = Automatic;
				CURRENT_PROJECT_VERSION = 1;
				DEVELOPMENT_TEAM = UX5CVWDKH3;
				GENERATE_INFOPLIST_FILE = YES;
				IPHONEOS_DEPLOYMENT_TARGET = 17.5;
				MACOSX_DEPLOYMENT_TARGET = 14.3;
				MARKETING_VERSION = 1.0;
				PRODUCT_BUNDLE_IDENTIFIER = com.davidled.xeddyTests;
				PRODUCT_NAME = "$(TARGET_NAME)";
				SDKROOT = auto;
				SUPPORTED_PLATFORMS = "iphoneos iphonesimulator macosx";
				SWIFT_EMIT_LOC_STRINGS = NO;
				SWIFT_VERSION = 5.0;
				TARGETED_DEVICE_FAMILY = "1,2";
				TEST_HOST = "$(BUILT_PRODUCTS_DIR)/xeddy-ios.app/$(BUNDLE_EXECUTABLE_FOLDER_PATH)/xeddy-ios";
			};
			name = Release;
		};
		4A3544A22C88CE2700D1390A /* Debug */ = {
			isa = XCBuildConfiguration;
			buildSettings = {
				ALWAYS_EMBED_SWIFT_STANDARD_LIBRARIES = YES;
				CODE_SIGN_STYLE = Automatic;
				CURRENT_PROJECT_VERSION = 1;
				DEVELOPMENT_TEAM = UX5CVWDKH3;
				GENERATE_INFOPLIST_FILE = YES;
				IPHONEOS_DEPLOYMENT_TARGET = 17.5;
				MACOSX_DEPLOYMENT_TARGET = 14.3;
				MARKETING_VERSION = 1.0;
				PRODUCT_BUNDLE_IDENTIFIER = com.davidled.xeddyUITests;
				PRODUCT_NAME = "$(TARGET_NAME)";
				SDKROOT = auto;
				SUPPORTED_PLATFORMS = "iphoneos iphonesimulator macosx";
				SWIFT_EMIT_LOC_STRINGS = NO;
				SWIFT_VERSION = 5.0;
				TARGETED_DEVICE_FAMILY = "1,2";
				TEST_TARGET_NAME = xeddy;
			};
			name = Debug;
		};
		4A3544A32C88CE2700D1390A /* Release */ = {
			isa = XCBuildConfiguration;
			buildSettings = {
				ALWAYS_EMBED_SWIFT_STANDARD_LIBRARIES = YES;
				CODE_SIGN_STYLE = Automatic;
				CURRENT_PROJECT_VERSION = 1;
				DEVELOPMENT_TEAM = UX5CVWDKH3;
				GENERATE_INFOPLIST_FILE = YES;
				IPHONEOS_DEPLOYMENT_TARGET = 17.5;
				MACOSX_DEPLOYMENT_TARGET = 14.3;
				MARKETING_VERSION = 1.0;
				PRODUCT_BUNDLE_IDENTIFIER = com.davidled.xeddyUITests;
				PRODUCT_NAME = "$(TARGET_NAME)";
				SDKROOT = auto;
				SUPPORTED_PLATFORMS = "iphoneos iphonesimulator macosx";
				SWIFT_EMIT_LOC_STRINGS = NO;
				SWIFT_VERSION = 5.0;
				TARGETED_DEVICE_FAMILY = "1,2";
				TEST_TARGET_NAME = xeddy;
			};
			name = Release;
		};
/* End XCBuildConfiguration section */

/* Begin XCConfigurationList section */
		4A3544712C88CE2500D1390A /* Build configuration list for PBXProject "xeddy-ios" */ = {
			isa = XCConfigurationList;
			buildConfigurations = (
				4A3544992C88CE2700D1390A /* Debug */,
				4A35449A2C88CE2700D1390A /* Release */,
			);
			defaultConfigurationIsVisible = 0;
			defaultConfigurationName = Release;
		};
		4A35449B2C88CE2700D1390A /* Build configuration list for PBXNativeTarget "xeddy-ios" */ = {
			isa = XCConfigurationList;
			buildConfigurations = (
				4A35449C2C88CE2700D1390A /* Debug */,
				4A35449D2C88CE2700D1390A /* Release */,
			);
			defaultConfigurationIsVisible = 0;
			defaultConfigurationName = Release;
		};
		4A35449E2C88CE2700D1390A /* Build configuration list for PBXNativeTarget "xeddy-iosTests" */ = {
			isa = XCConfigurationList;
			buildConfigurations = (
				4A35449F2C88CE2700D1390A /* Debug */,
				4A3544A02C88CE2700D1390A /* Release */,
			);
			defaultConfigurationIsVisible = 0;
			defaultConfigurationName = Release;
		};
		4A3544A12C88CE2700D1390A /* Build configuration list for PBXNativeTarget "xeddy-iosUITests" */ = {
			isa = XCConfigurationList;
			buildConfigurations = (
				4A3544A22C88CE2700D1390A /* Debug */,
				4A3544A32C88CE2700D1390A /* Release */,
			);
			defaultConfigurationIsVisible = 0;
			defaultConfigurationName = Release;
		};
/* End XCConfigurationList section */

/* Begin XCRemoteSwiftPackageReference section */
		4ADE6CBB2CA1FACF004D7E49 /* XCRemoteSwiftPackageReference "firebase-ios-sdk" */ = {
			isa = XCRemoteSwiftPackageReference;
			repositoryURL = "https://github.com/firebase/firebase-ios-sdk";
			requirement = {
				kind = upToNextMajorVersion;
				minimumVersion = 11.2.0;
			};
		};
/* End XCRemoteSwiftPackageReference section */

/* Begin XCSwiftPackageProductDependency section */
		4ADE6CBC2CA1FACF004D7E49 /* FirebaseAnalytics */ = {
			isa = XCSwiftPackageProductDependency;
			package = 4ADE6CBB2CA1FACF004D7E49 /* XCRemoteSwiftPackageReference "firebase-ios-sdk" */;
			productName = FirebaseAnalytics;
		};
		4ADE6CBE2CA1FC16004D7E49 /* FirebaseAuth */ = {
			isa = XCSwiftPackageProductDependency;
			package = 4ADE6CBB2CA1FACF004D7E49 /* XCRemoteSwiftPackageReference "firebase-ios-sdk" */;
			productName = FirebaseAuth;
		};
		4ADE6CC02CA1FC16004D7E49 /* FirebaseDatabase */ = {
			isa = XCSwiftPackageProductDependency;
			package = 4ADE6CBB2CA1FACF004D7E49 /* XCRemoteSwiftPackageReference "firebase-ios-sdk" */;
			productName = FirebaseDatabase;
		};
		4ADE6CC22CA1FC16004D7E49 /* FirebaseFirestore */ = {
			isa = XCSwiftPackageProductDependency;
			package = 4ADE6CBB2CA1FACF004D7E49 /* XCRemoteSwiftPackageReference "firebase-ios-sdk" */;
			productName = FirebaseFirestore;
		};
/* End XCSwiftPackageProductDependency section */
	};
	rootObject = 4A35446E2C88CE2500D1390A /* Project object */;
}
